
Microsoft Visual Studio Solution File, Format Version 12.00
# Visual Studio Version 17
VisualStudioVersion = 17.0.31912.275
MinimumVisualStudioVersion = 10.0.40219.1
Project("{9A19103F-16F7-4668-BE54-9A1E7A4F7556}") = "TestApp", "test\TestApp\TestApp.csproj", "{58D3C5BA-5D1D-48BA-9D51-482831254985}"
EndProject
Project("{2150E333-8FDC-42A3-9474-1A3956D46DE8}") = "01. Domain", "01. Domain", "{446301A0-97F2-4921-BA0B-32B76039C73B}"
EndProject
Project("{2150E333-8FDC-42A3-9474-1A3956D46DE8}") = "10. Test", "10. Test", "{D11EB899-A148-4C9B-B340-B907EF71C4A2}"
EndProject
Project("{2150E333-8FDC-42A3-9474-1A3956D46DE8}") = "05. Client", "05. Client", "{EB832FF1-4E01-40ED-BAC4-5ECF70F5C108}"
EndProject
Project("{9A19103F-16F7-4668-BE54-9A1E7A4F7556}") = "MyJetWallet.Fireblocks.Tests", "test\Service.MyJetWallet.Fireblocks.Tests\MyJetWallet.Fireblocks.Tests.csproj", "{FF868A2B-24FA-42B0-8400-95EDEE689678}"
EndProject
Project("{2150E333-8FDC-42A3-9474-1A3956D46DE8}") = "Solution Items", "Solution Items", "{B4782F5A-5BF7-47AF-909D-FB579384CCA0}"
	ProjectSection(SolutionItems) = preProject
		.github\workflows\ci-test.yml = .github\workflows\ci-test.yml
		README.md = README.md
		.github\workflows\release-api-client.yml = .github\workflows\release-api-client.yml
		.github\workflows\update_nuget.yaml = .github\workflows\update_nuget.yaml
	EndProjectSection
EndProject
Project("{9A19103F-16F7-4668-BE54-9A1E7A4F7556}") = "MyJetWallet.Fireblocks", "src\MyJetWallet.Fireblocks\MyJetWallet.Fireblocks.csproj", "{9FA80E88-4BE9-482E-BD15-B7E28C23A031}"
EndProject
Global
	GlobalSection(SolutionConfigurationPlatforms) = preSolution
		Debug|Any CPU = Debug|Any CPU
		Release|Any CPU = Release|Any CPU
	EndGlobalSection
	GlobalSection(ProjectConfigurationPlatforms) = postSolution
		{58D3C5BA-5D1D-48BA-9D51-482831254985}.Debug|Any CPU.ActiveCfg = Debug|Any CPU
		{58D3C5BA-5D1D-48BA-9D51-482831254985}.Debug|Any CPU.Build.0 = Debug|Any CPU
		{58D3C5BA-5D1D-48BA-9D51-482831254985}.Release|Any CPU.ActiveCfg = Release|Any CPU
		{58D3C5BA-5D1D-48BA-9D51-482831254985}.Release|Any CPU.Build.0 = Release|Any CPU
		{FF868A2B-24FA-42B0-8400-95EDEE689678}.Debug|Any CPU.ActiveCfg = Debug|Any CPU
		{FF868A2B-24FA-42B0-8400-95EDEE689678}.Debug|Any CPU.Build.0 = Debug|Any CPU
		{FF868A2B-24FA-42B0-8400-95EDEE689678}.Release|Any CPU.ActiveCfg = Release|Any CPU
		{FF868A2B-24FA-42B0-8400-95EDEE689678}.Release|Any CPU.Build.0 = Release|Any CPU
		{9FA80E88-4BE9-482E-BD15-B7E28C23A031}.Debug|Any CPU.ActiveCfg = Debug|Any CPU
		{9FA80E88-4BE9-482E-BD15-B7E28C23A031}.Debug|Any CPU.Build.0 = Debug|Any CPU
		{9FA80E88-4BE9-482E-BD15-B7E28C23A031}.Release|Any CPU.ActiveCfg = Release|Any CPU
		{9FA80E88-4BE9-482E-BD15-B7E28C23A031}.Release|Any CPU.Build.0 = Release|Any CPU
	EndGlobalSection
	GlobalSection(SolutionProperties) = preSolution
		HideSolutionNode = FALSE
	EndGlobalSection
	GlobalSection(NestedProjects) = preSolution
		{58D3C5BA-5D1D-48BA-9D51-482831254985} = {D11EB899-A148-4C9B-B340-B907EF71C4A2}
		{FF868A2B-24FA-42B0-8400-95EDEE689678} = {D11EB899-A148-4C9B-B340-B907EF71C4A2}
		{9FA80E88-4BE9-482E-BD15-B7E28C23A031} = {EB832FF1-4E01-40ED-BAC4-5ECF70F5C108}
	EndGlobalSection
	GlobalSection(ExtensibilityGlobals) = postSolution
		SolutionGuid = {6BF00C9D-AD55-40F2-8FE3-E5C3559B3E26}
	EndGlobalSection
EndGlobal
